{
  "name": "SpaceApps",
  "version": "1.0.0",
  "lockfileVersion": 1,
  "requires": true,
  "dependencies": {
    "satellite.js": {
      "version": "4.1.3",
      "resolved": "https://registry.npmjs.org/satellite.js/-/satellite.js-4.1.3.tgz",
      "integrity": "sha512-l65XHxmT4n31DSGQy/jnu/sLfKn42g862h1p9NyalOEYCpEsplFAqUIT4+euK0AByizZML2Zkjbl0HWI79KC0A=="
    },
    "tle.js": {
      "version": "4.3.0",
      "resolved": "https://registry.npmjs.org/tle.js/-/tle.js-4.3.0.tgz",
      "integrity": "sha512-bxr0sL9Y4eTjjzKLTxKx9flkmo+uMDSb+aQbpZLE0a5ylOoJ9FstHmgsruPru0goO9b//NHvMeaxKxVFA9TCqw==",
      "requires": {
        "satellite.js": "^4.1.3"
      }
    },
    "undici": {
      "version": "4.7.0",
      "resolved": "https://registry.npmjs.org/undici/-/undici-4.7.0.tgz",
      "integrity": "sha512-O1q+/EIs4g0HnVMH8colei3qODGiYBLpavWYv3kI+JazBBsBIndnZfUqZ2MEfPJ12H9d56yVdwZG1/nV/xcoSQ=="
    }
  }
}
